
Microsoft Visual Studio Solution File, Format Version 12.00
# Visual Studio Version 17
VisualStudioVersion = 17.2.32602.215
MinimumVisualStudioVersion = 10.0.40219.1
Project("{FAE04EC0-301F-11D3-BF4B-00C04F79EFBC}") = "WebApplication8", "WebApplication8\WebApplication8.csproj", "{6B057E32-7850-445F-B56C-C3EAA4880178}"
EndProject
Global
	GlobalSection(SolutionConfigurationPlatforms) = preSolution
		Debug|Any CPU = Debug|Any CPU
		Release|Any CPU = Release|Any CPU
	EndGlobalSection
	GlobalSection(ProjectConfigurationPlatforms) = postSolution
		{6B057E32-7850-445F-B56C-C3EAA4880178}.Debug|Any CPU.ActiveCfg = Debug|Any CPU
		{6B057E32-7850-445F-B56C-C3EAA4880178}.Debug|Any CPU.Build.0 = Debug|Any CPU
		{6B057E32-7850-445F-B56C-C3EAA4880178}.Release|Any CPU.ActiveCfg = Release|Any CPU
		{6B057E32-7850-445F-B56C-C3EAA4880178}.Release|Any CPU.Build.0 = Release|Any CPU
	EndGlobalSection
	GlobalSection(SolutionProperties) = preSolution
		HideSolutionNode = FALSE
	EndGlobalSection
	GlobalSection(ExtensibilityGlobals) = postSolution
		SolutionGuid = {0246F48E-9A4E-44A1-BC9D-404C0450B1BE}
	EndGlobalSection
EndGlobal
